
Microsoft Visual Studio Solution File, Format Version 12.00
# Visual Studio 11
Project("{F2A71F9B-5D33-465A-A702-920D77279786}") = "the-end", "the-end.fsproj", "{832DBD3E-1B4C-484B-ACEB-427166A6EF9C}"
EndProject
Project("{FAE04EC0-301F-11D3-BF4B-00C04F79EFBC}") = "Cubist", "Cubist\Cubist.csproj", "{17565CBE-4131-4729-82A4-112D4C4799DE}"
EndProject
Project("{F2A71F9B-5D33-465A-A702-920D77279786}") = "the-end-packetcode", "the-end-packetcode\the-end-packetcode\the-end-packetcode.fsproj", "{7A324D3F-C2ED-4FCA-A540-99489AC8D6DB}"
EndProject
Global
	GlobalSection(SolutionConfigurationPlatforms) = preSolution
		Debug|Any CPU = Debug|Any CPU
		Release|Any CPU = Release|Any CPU
	EndGlobalSection
	GlobalSection(ProjectConfigurationPlatforms) = postSolution
		{17565CBE-4131-4729-82A4-112D4C4799DE}.Debug|Any CPU.ActiveCfg = Debug|Any CPU
		{17565CBE-4131-4729-82A4-112D4C4799DE}.Debug|Any CPU.Build.0 = Debug|Any CPU
		{17565CBE-4131-4729-82A4-112D4C4799DE}.Release|Any CPU.ActiveCfg = Release|Any CPU
		{17565CBE-4131-4729-82A4-112D4C4799DE}.Release|Any CPU.Build.0 = Release|Any CPU
		{7A324D3F-C2ED-4FCA-A540-99489AC8D6DB}.Debug|Any CPU.ActiveCfg = Debug|Any CPU
		{7A324D3F-C2ED-4FCA-A540-99489AC8D6DB}.Debug|Any CPU.Build.0 = Debug|Any CPU
		{7A324D3F-C2ED-4FCA-A540-99489AC8D6DB}.Release|Any CPU.ActiveCfg = Release|Any CPU
		{7A324D3F-C2ED-4FCA-A540-99489AC8D6DB}.Release|Any CPU.Build.0 = Release|Any CPU
		{832DBD3E-1B4C-484B-ACEB-427166A6EF9C}.Debug|Any CPU.ActiveCfg = Debug|Any CPU
		{832DBD3E-1B4C-484B-ACEB-427166A6EF9C}.Debug|Any CPU.Build.0 = Debug|Any CPU
		{832DBD3E-1B4C-484B-ACEB-427166A6EF9C}.Release|Any CPU.ActiveCfg = Release|Any CPU
		{832DBD3E-1B4C-484B-ACEB-427166A6EF9C}.Release|Any CPU.Build.0 = Release|Any CPU
	EndGlobalSection
	GlobalSection(SolutionProperties) = preSolution
		HideSolutionNode = FALSE
	EndGlobalSection
EndGlobal
